// !$*UTF8*$!
{
	archiveVersion = 1;
	classes = {
	};
	objectVersion = 46;
	objects = {

/* Begin PBXBuildFile section */
		18118CD11FF129E80068A02C /* IMG_2164.JPG in Resources */ = {isa = PBXBuildFile; fileRef = 18118CD01FF129E80068A02C /* IMG_2164.JPG */; };
		1835F1651FF1F3DB00D861B4 /* IMG_2163.JPG in Resources */ = {isa = PBXBuildFile; fileRef = 1835F1641FF1F3DB00D861B4 /* IMG_2163.JPG */; };
		CA0933FD1B44284B008477F2 /* main.m in Sources */ = {isa = PBXBuildFile; fileRef = CA0933FC1B44284B008477F2 /* main.m */; };
		CA0934001B44284B008477F2 /* AppDelegate.m in Sources */ = {isa = PBXBuildFile; fileRef = CA0933FF1B44284B008477F2 /* AppDelegate.m */; };
		CA0934031B44284B008477F2 /* ViewController.m in Sources */ = {isa = PBXBuildFile; fileRef = CA0934021B44284B008477F2 /* ViewController.m */; };
		CA0934061B44284B008477F2 /* Main.storyboard in Resources */ = {isa = PBXBuildFile; fileRef = CA0934041B44284B008477F2 /* Main.storyboard */; };
		CA0934081B44284B008477F2 /* Images.xcassets in Resources */ = {isa = PBXBuildFile; fileRef = CA0934071B44284B008477F2 /* Images.xcassets */; };
		CA09340B1B44284B008477F2 /* LaunchScreen.xib in Resources */ = {isa = PBXBuildFile; fileRef = CA0934091B44284B008477F2 /* LaunchScreen.xib */; };
		CA0934171B44284B008477F2 /* HengTableViewTests.m in Sources */ = {isa = PBXBuildFile; fileRef = CA0934161B44284B008477F2 /* HengTableViewTests.m */; };
/* End PBXBuildFile section */

/* Begin PBXContainerItemProxy section */
		CA0934111B44284B008477F2 /* PBXContainerItemProxy */ = {
			isa = PBXContainerItemProxy;
			containerPortal = CA0933EF1B44284B008477F2 /* Project object */;
			proxyType = 1;
			remoteGlobalIDString = CA0933F61B44284B008477F2;
			remoteInfo = HengTableView;
		};
/* End PBXContainerItemProxy section */

/* Begin PBXFileReference section */
		18118CD01FF129E80068A02C /* IMG_2164.JPG */ = {isa = PBXFileReference; lastKnownFileType = image.jpeg; name = IMG_2164.JPG; path = "../../../../../../../privet/照片/IMG_2164.JPG"; sourceTree = "<group>"; };
		1835F1641FF1F3DB00D861B4 /* IMG_2163.JPG */ = {isa = PBXFileReference; lastKnownFileType = image.jpeg; path = IMG_2163.JPG; sourceTree = "<group>"; };
		CA0933F71B44284B008477F2 /* HengTableView.app */ = {isa = PBXFileReference; explicitFileType = wrapper.application; includeInIndex = 0; path = HengTableView.app; sourceTree = BUILT_PRODUCTS_DIR; };
		CA0933FB1B44284B008477F2 /* Info.plist */ = {isa = PBXFileReference; lastKnownFileType = text.plist.xml; path = Info.plist; sourceTree = "<group>"; };
		CA0933FC1B44284B008477F2 /* main.m */ = {isa = PBXFileReference; lastKnownFileType = sourcecode.c.objc; path = main.m; sourceTree = "<group>"; };
		CA0933FE1B44284B008477F2 /* AppDelegate.h */ = {isa = PBXFileReference; lastKnownFileType = sourcecode.c.h; path = AppDelegate.h; sourceTree = "<group>"; };
		CA0933FF1B44284B008477F2 /* AppDelegate.m */ = {isa = PBXFileReference; lastKnownFileType = sourcecode.c.objc; path = AppDelegate.m; sourceTree = "<group>"; };
		CA0934011B44284B008477F2 /* ViewController.h */ = {isa = PBXFileReference; lastKnownFileType = sourcecode.c.h; path = ViewController.h; sourceTree = "<group>"; };
		CA0934021B44284B008477F2 /* ViewController.m */ = {isa = PBXFileReference; lastKnownFileType = sourcecode.c.objc; path = ViewController.m; sourceTree = "<group>"; };
		CA0934051B44284B008477F2 /* Base */ = {isa = PBXFileReference; lastKnownFileType = file.storyboard; name = Base; path = Base.lproj/Main.storyboard; sourceTree = "<group>"; };
		CA0934071B44284B008477F2 /* Images.xcassets */ = {isa = PBXFileReference; lastKnownFileType = folder.assetcatalog; path = Images.xcassets; sourceTree = "<group>"; };
		CA09340A1B44284B008477F2 /* Base */ = {isa = PBXFileReference; lastKnownFileType = file.xib; name = Base; path = Base.lproj/LaunchScreen.xib; sourceTree = "<group>"; };
		CA0934101B44284B008477F2 /* HengTableViewTests.xctest */ = {isa = PBXFileReference; explicitFileType = wrapper.cfbundle; includeInIndex = 0; path = HengTableViewTests.xctest; sourceTree = BUILT_PRODUCTS_DIR; };
		CA0934151B44284B008477F2 /* Info.plist */ = {isa = PBXFileReference; lastKnownFileType = text.plist.xml; path = Info.plist; sourceTree = "<group>"; };
		CA0934161B44284B008477F2 /* HengTableViewTests.m */ = {isa = PBXFileReference; lastKnownFileType = sourcecode.c.objc; path = HengTableViewTests.m; sourceTree = "<group>"; };
/* End PBXFileReference section */

/* Begin PBXFrameworksBuildPhase section */
		CA0933F41B44284B008477F2 /* Frameworks */ = {
			isa = PBXFrameworksBuildPhase;
			buildActionMask = 2147483647;
			files = (
			);
			runOnlyForDeploymentPostprocessing = 0;
		};
		CA09340D1B44284B008477F2 /* Frameworks */ = {
			isa = PBXFrameworksBuildPhase;
			buildActionMask = 2147483647;
			files = (
			);
			runOnlyForDeploymentPostprocessing = 0;
		};
/* End PBXFrameworksBuildPhase section */

/* Begin PBXGroup section */
		CA0933EE1B44284B008477F2 = {
			isa = PBXGroup;
			children = (
				CA0933F91B44284B008477F2 /* HengTableView */,
				CA0934131B44284B008477F2 /* HengTableViewTests */,
				CA0933F81B44284B008477F2 /* Products */,
			);
			sourceTree = "<group>";
		};
		CA0933F81B44284B008477F2 /* Products */ = {
			isa = PBXGroup;
			children = (
				CA0933F71B44284B008477F2 /* HengTableView.app */,
				CA0934101B44284B008477F2 /* HengTableViewTests.xctest */,
			);
			name = Products;
			sourceTree = "<group>";
		};
		CA0933F91B44284B008477F2 /* HengTableView */ = {
			isa = PBXGroup;
			children = (
				CA0933FE1B44284B008477F2 /* AppDelegate.h */,
				CA0933FF1B44284B008477F2 /* AppDelegate.m */,
				CA0934011B44284B008477F2 /* ViewController.h */,
				CA0934021B44284B008477F2 /* ViewController.m */,
				1835F1641FF1F3DB00D861B4 /* IMG_2163.JPG */,
				18118CD01FF129E80068A02C /* IMG_2164.JPG */,
				CA0934041B44284B008477F2 /* Main.storyboard */,
				CA0934071B44284B008477F2 /* Images.xcassets */,
				CA0934091B44284B008477F2 /* LaunchScreen.xib */,
				CA0933FA1B44284B008477F2 /* Supporting Files */,
			);
			path = HengTableView;
			sourceTree = "<group>";
		};
		CA0933FA1B44284B008477F2 /* Supporting Files */ = {
			isa = PBXGroup;
			children = (
				CA0933FB1B44284B008477F2 /* Info.plist */,
				CA0933FC1B44284B008477F2 /* main.m */,
			);
			name = "Supporting Files";
			sourceTree = "<group>";
		};
		CA0934131B44284B008477F2 /* HengTableViewTests */ = {
			isa = PBXGroup;
			children = (
				CA0934161B44284B008477F2 /* HengTableViewTests.m */,
				CA0934141B44284B008477F2 /* Supporting Files */,
			);
			path = HengTableViewTests;
			sourceTree = "<group>";
		};
		CA0934141B44284B008477F2 /* Supporting Files */ = {
			isa = PBXGroup;
			children = (
				CA0934151B44284B008477F2 /* Info.plist */,
			);
			name = "Supporting Files";
			sourceTree = "<group>";
		};
/* End PBXGroup section */

/* Begin PBXNativeTarget section */
		CA0933F61B44284B008477F2 /* HengTableView */ = {
			isa = PBXNativeTarget;
			buildConfigurationList = CA09341A1B44284B008477F2 /* Build configuration list for PBXNativeTarget "HengTableView" */;
			buildPhases = (
				CA0933F31B44284B008477F2 /* Sources */,
				CA0933F41B44284B008477F2 /* Frameworks */,
				CA0933F51B44284B008477F2 /* Resources */,
			);
			buildRules = (
			);
			dependencies = (
			);
			name = HengTableView;
			productName = HengTableView;
			productReference = CA0933F71B44284B008477F2 /* HengTableView.app */;
			productType = "com.apple.product-type.application";
		};
		CA09340F1B44284B008477F2 /* HengTableViewTests */ = {
			isa = PBXNativeTarget;
			buildConfigurationList = CA09341D1B44284B008477F2 /* Build configuration list for PBXNativeTarget "HengTableViewTests" */;
			buildPhases = (
				CA09340C1B44284B008477F2 /* Sources */,
				CA09340D1B44284B008477F2 /* Frameworks */,
				CA09340E1B44284B008477F2 /* Resources */,
			);
			buildRules = (
			);
			dependencies = (
				CA0934121B44284B008477F2 /* PBXTargetDependency */,
			);
			name = HengTableViewTests;
			productName = HengTableViewTests;
			productReference = CA0934101B44284B008477F2 /* HengTableViewTests.xctest */;
			productType = "com.apple.product-type.bundle.unit-test";
		};
/* End PBXNativeTarget section */

/* Begin PBXProject section */
		CA0933EF1B44284B008477F2 /* Project object */ = {
			isa = PBXProject;
			attributes = {
				LastUpgradeCheck = 0700;
				ORGANIZATIONNAME = "Mr Qian";
				TargetAttributes = {
					CA0933F61B44284B008477F2 = {
						CreatedOnToolsVersion = 6.3.1;
						ProvisioningStyle = Manual;
					};
					CA09340F1B44284B008477F2 = {
						CreatedOnToolsVersion = 6.3.1;
						TestTargetID = CA0933F61B44284B008477F2;
					};
				};
			};
			buildConfigurationList = CA0933F21B44284B008477F2 /* Build configuration list for PBXProject "HengTableView" */;
			compatibilityVersion = "Xcode 3.2";
			developmentRegion = English;
			hasScannedForEncodings = 0;
			knownRegions = (
				en,
				Base,
			);
			mainGroup = CA0933EE1B44284B008477F2;
			productRefGroup = CA0933F81B44284B008477F2 /* Products */;
			projectDirPath = "";
			projectRoot = "";
			targets = (
				CA0933F61B44284B008477F2 /* HengTableView */,
				CA09340F1B44284B008477F2 /* HengTableViewTests */,
			);
		};
/* End PBXProject section */

/* Begin PBXResourcesBuildPhase section */
		CA0933F51B44284B008477F2 /* Resources */ = {
			isa = PBXResourcesBuildPhase;
			buildActionMask = 2147483647;
			files = (
				18118CD11FF129E80068A02C /* IMG_2164.JPG in Resources */,
				CA0934061B44284B008477F2 /* Main.storyboard in Resources */,
				1835F1651FF1F3DB00D861B4 /* IMG_2163.JPG in Resources */,
				CA09340B1B44284B008477F2 /* LaunchScreen.xib in Resources */,
				CA0934081B44284B008477F2 /* Images.xcassets in Resources */,
			);
			runOnlyForDeploymentPostprocessing = 0;
		};
		CA09340E1B44284B008477F2 /* Resources */ = {
			isa = PBXResourcesBuildPhase;
			buildActionMask = 2147483647;
			files = (
			);
			runOnlyForDeploymentPostprocessing = 0;
		};
/* End PBXResourcesBuildPhase section */

/* Begin PBXSourcesBuildPhase section */
		CA0933F31B44284B008477F2 /* Sources */ = {
			isa = PBXSourcesBuildPhase;
			buildActionMask = 2147483647;
			files = (
				CA0934031B44284B008477F2 /* ViewController.m in Sources */,
				CA0934001B44284B008477F2 /* AppDelegate.m in Sources */,
				CA0933FD1B44284B008477F2 /* main.m in Sources */,
			);
			runOnlyForDeploymentPostprocessing = 0;
		};
		CA09340C1B44284B008477F2 /* Sources */ = {
			isa = PBXSourcesBuildPhase;
			buildActionMask = 2147483647;
			files = (
				CA0934171B44284B008477F2 /* HengTableViewTests.m in Sources */,
			);
			runOnlyForDeploymentPostprocessing = 0;
		};
/* End PBXSourcesBuildPhase section */

/* Begin PBXTargetDependency section */
		CA0934121B44284B008477F2 /* PBXTargetDependency */ = {
			isa = PBXTargetDependency;
			target = CA0933F61B44284B008477F2 /* HengTableView */;
			targetProxy = CA0934111B44284B008477F2 /* PBXContainerItemProxy */;
		};
/* End PBXTargetDependency section */

/* Begin PBXVariantGroup section */
		CA0934041B44284B008477F2 /* Main.storyboard */ = {
			isa = PBXVariantGroup;
			children = (
				CA0934051B44284B008477F2 /* Base */,
			);
			name = Main.storyboard;
			sourceTree = "<group>";
		};
		CA0934091B44284B008477F2 /* LaunchScreen.xib */ = {
			isa = PBXVariantGroup;
			children = (
				CA09340A1B44284B008477F2 /* Base */,
			);
			name = LaunchScreen.xib;
			sourceTree = "<group>";
		};
/* End PBXVariantGroup section */

/* Begin XCBuildConfiguration section */
		CA0934181B44284B008477F2 /* Debug */ = {
			isa = XCBuildConfiguration;
			buildSettings = {
				ALWAYS_SEARCH_USER_PATHS = NO;
				CLANG_CXX_LANGUAGE_STANDARD = "gnu++0x";
				CLANG_CXX_LIBRARY = "libc++";
				CLANG_ENABLE_MODULES = YES;
				CLANG_ENABLE_OBJC_ARC = YES;
				CLANG_WARN_BOOL_CONVERSION = YES;
				CLANG_WARN_CONSTANT_CONVERSION = YES;
				CLANG_WARN_DIRECT_OBJC_ISA_USAGE = YES_ERROR;
				CLANG_WARN_EMPTY_BODY = YES;
				CLANG_WARN_ENUM_CONVERSION = YES;
				CLANG_WARN_INT_CONVERSION = YES;
				CLANG_WARN_OBJC_ROOT_CLASS = YES_ERROR;
				CLANG_WARN_UNREACHABLE_CODE = YES;
				CLANG_WARN__DUPLICATE_METHOD_MATCH = YES;
				"CODE_SIGN_IDENTITY[sdk=iphoneos*]" = "iPhone Developer";
				COPY_PHASE_STRIP = NO;
				DEBUG_INFORMATION_FORMAT = "dwarf-with-dsym";
				ENABLE_STRICT_OBJC_MSGSEND = YES;
				ENABLE_TESTABILITY = YES;
				GCC_C_LANGUAGE_STANDARD = gnu99;
				GCC_DYNAMIC_NO_PIC = NO;
				GCC_NO_COMMON_BLOCKS = YES;
				GCC_OPTIMIZATION_LEVEL = 0;
				GCC_PREPROCESSOR_DEFINITIONS = (
					"DEBUG=1",
					"$(inherited)",
				);
				GCC_SYMBOLS_PRIVATE_EXTERN = NO;
				GCC_WARN_64_TO_32_BIT_CONVERSION = YES;
				GCC_WARN_ABOUT_RETURN_TYPE = YES_ERROR;
				GCC_WARN_UNDECLARED_SELECTOR = YES;
				GCC_WARN_UNINITIALIZED_AUTOS = YES_AGGRESSIVE;
				GCC_WARN_UNUSED_FUNCTION = YES;
				GCC_WARN_UNUSED_VARIABLE = YES;
				IPHONEOS_DEPLOYMENT_TARGET = 8.0;
				MTL_ENABLE_DEBUG_INFO = YES;
				ONLY_ACTIVE_ARCH = YES;
				SDKROOT = iphoneos;
			};
			name = Debug;
		};
		CA0934191B44284B008477F2 /* Release */ = {
			isa = XCBuildConfiguration;
			buildSettings = {
				ALWAYS_SEARCH_USER_PATHS = NO;
				CLANG_CXX_LANGUAGE_STANDARD = "gnu++0x";
				CLANG_CXX_LIBRARY = "libc++";
				CLANG_ENABLE_MODULES = YES;
				CLANG_ENABLE_OBJC_ARC = YES;
				CLANG_WARN_BOOL_CONVERSION = YES;
				CLANG_WARN_CONSTANT_CONVERSION = YES;
				CLANG_WARN_DIRECT_OBJC_ISA_USAGE = YES_ERROR;
				CLANG_WARN_EMPTY_BODY = YES;
				CLANG_WARN_ENUM_CONVERSION = YES;
				CLANG_WARN_INT_CONVERSION = YES;
				CLANG_WARN_OBJC_ROOT_CLASS = YES_ERROR;
				CLANG_WARN_UNREACHABLE_CODE = YES;
				CLANG_WARN__DUPLICATE_METHOD_MATCH = YES;
				"CODE_SIGN_IDENTITY[sdk=iphoneos*]" = "iPhone Developer";
				COPY_PHASE_STRIP = NO;
				DEBUG_INFORMATION_FORMAT = "dwarf-with-dsym";
				ENABLE_NS_ASSERTIONS = NO;
				ENABLE_STRICT_OBJC_MSGSEND = YES;
				GCC_C_LANGUAGE_STANDARD = gnu99;
				GCC_NO_COMMON_BLOCKS = YES;
				GCC_WARN_64_TO_32_BIT_CONVERSION = YES;
				GCC_WARN_ABOUT_RETURN_TYPE = YES_ERROR;
				GCC_WARN_UNDECLARED_SELECTOR = YES;
				GCC_WARN_UNINITIALIZED_AUTOS = YES_AGGRESSIVE;
				GCC_WARN_UNUSED_FUNCTION = YES;
				GCC_WARN_UNUSED_VARIABLE = YES;
				IPHONEOS_DEPLOYMENT_TARGET = 8.0;
				MTL_ENABLE_DEBUG_INFO = NO;
				SDKROOT = iphoneos;
				VALIDATE_PRODUCT = YES;
			};
			name = Release;
		};
		CA09341B1B44284B008477F2 /* Debug */ = {
			isa = XCBuildConfiguration;
			buildSettings = {
				ASSETCATALOG_COMPILER_APPICON_NAME = AppIcon;
				CODE_SIGN_STYLE = Manual;
				DEVELOPMENT_TEAM = "";
				INFOPLIST_FILE = HengTableView/Info.plist;
				LD_RUNPATH_SEARCH_PATHS = "$(inherited) @executable_path/Frameworks";
				PRODUCT_BUNDLE_IDENTIFIER = "com.yidahulian.$(PRODUCT_NAME:rfc1034identifier)";
				PRODUCT_NAME = "$(TARGET_NAME)";
				PROVISIONING_PROFILE_SPECIFIER = "";
			};
			name = Debug;
		};
		CA09341C1B44284B008477F2 /* Release */ = {
			isa = XCBuildConfiguration;
			buildSettings = {
				ASSETCATALOG_COMPILER_APPICON_NAME = AppIcon;
				CODE_SIGN_STYLE = Manual;
				DEVELOPMENT_TEAM = "";
				INFOPLIST_FILE = HengTableView/Info.plist;
				LD_RUNPATH_SEARCH_PATHS = "$(inherited) @executable_path/Frameworks";
				PRODUCT_BUNDLE_IDENTIFIER = "com.yidahulian.$(PRODUCT_NAME:rfc1034identifier)";
				PRODUCT_NAME = "$(TARGET_NAME)";
				PROVISIONING_PROFILE_SPECIFIER = "";
			};
			name = Release;
		};
		CA09341E1B44284B008477F2 /* Debug */ = {
			isa = XCBuildConfiguration;
			buildSettings = {
				BUNDLE_LOADER = "$(TEST_HOST)";
				FRAMEWORK_SEARCH_PATHS = "$(inherited)";
				GCC_PREPROCESSOR_DEFINITIONS = (
					"DEBUG=1",
					"$(inherited)",
				);
				INFOPLIST_FILE = HengTableViewTests/Info.plist;
				LD_RUNPATH_SEARCH_PATHS = "$(inherited) @executable_path/Frameworks @loader_path/Frameworks";
				PRODUCT_BUNDLE_IDENTIFIER = "com.yidahulian.$(PRODUCT_NAME:rfc1034identifier)";
				PRODUCT_NAME = "$(TARGET_NAME)";
				TEST_HOST = "$(BUILT_PRODUCTS_DIR)/HengTableView.app/HengTableView";
			};
			name = Debug;
		};
		CA09341F1B44284B008477F2 /* Release */ = {
			isa = XCBuildConfiguration;
			buildSettings = {
				BUNDLE_LOADER = "$(TEST_HOST)";
				FRAMEWORK_SEARCH_PATHS = "$(inherited)";
				INFOPLIST_FILE = HengTableViewTests/Info.plist;
				LD_RUNPATH_SEARCH_PATHS = "$(inherited) @executable_path/Frameworks @loader_path/Frameworks";
				PRODUCT_BUNDLE_IDENTIFIER = "com.yidahulian.$(PRODUCT_NAME:rfc1034identifier)";
				PRODUCT_NAME = "$(TARGET_NAME)";
				TEST_HOST = "$(BUILT_PRODUCTS_DIR)/HengTableView.app/HengTableView";
			};
			name = Release;
		};
/* End XCBuildConfiguration section */

/* Begin XCConfigurationList section */
		CA0933F21B44284B008477F2 /* Build configuration list for PBXProject "HengTableView" */ = {
			isa = XCConfigurationList;
			buildConfigurations = (
				CA0934181B44284B008477F2 /* Debug */,
				CA0934191B44284B008477F2 /* Release */,
			);
			defaultConfigurationIsVisible = 0;
			defaultConfigurationName = Release;
		};
		CA09341A1B44284B008477F2 /* Build configuration list for PBXNativeTarget "HengTableView" */ = {
			isa = XCConfigurationList;
			buildConfigurations = (
				CA09341B1B44284B008477F2 /* Debug */,
				CA09341C1B44284B008477F2 /* Release */,
			);
			defaultConfigurationIsVisible = 0;
			defaultConfigurationName = Release;
		};
		CA09341D1B44284B008477F2 /* Build configuration list for PBXNativeTarget "HengTableViewTests" */ = {
			isa = XCConfigurationList;
			buildConfigurations = (
				CA09341E1B44284B008477F2 /* Debug */,
				CA09341F1B44284B008477F2 /* Release */,
			);
			defaultConfigurationIsVisible = 0;
			defaultConfigurationName = Release;
		};
/* End XCConfigurationList section */
	};
	rootObject = CA0933EF1B44284B008477F2 /* Project object */;
}
